
Microsoft Visual Studio Solution File, Format Version 12.00
# Visual Studio Version 16
VisualStudioVersion = 16.0.29503.13
MinimumVisualStudioVersion = 10.0.40219.1
Project("{FAE04EC0-301F-11D3-BF4B-00C04F79EFBC}") = "RGB_Separation", "RGB_Separation.csproj", "{333A7012-E6C1-44E4-B762-014B191DDAEA}"
EndProject
Global
	GlobalSection(SolutionConfigurationPlatforms) = preSolution
		Debug|Any CPU = Debug|Any CPU
		Release|Any CPU = Release|Any CPU
	EndGlobalSection
	GlobalSection(ProjectConfigurationPlatforms) = postSolution
		{333A7012-E6C1-44E4-B762-014B191DDAEA}.Debug|Any CPU.ActiveCfg = Debug|Any CPU
		{333A7012-E6C1-44E4-B762-014B191DDAEA}.Debug|Any CPU.Build.0 = Debug|Any CPU
		{333A7012-E6C1-44E4-B762-014B191DDAEA}.Release|Any CPU.ActiveCfg = Release|Any CPU
		{333A7012-E6C1-44E4-B762-014B191DDAEA}.Release|Any CPU.Build.0 = Release|Any CPU
	EndGlobalSection
	GlobalSection(SolutionProperties) = preSolution
		HideSolutionNode = FALSE
	EndGlobalSection
	GlobalSection(ExtensibilityGlobals) = postSolution
		SolutionGuid = {AF287F66-3CE6-4FB5-BD95-05DF2CEBCADF}
	EndGlobalSection
EndGlobal
